// !$*UTF8*$!
{
	archiveVersion = 1;
	classes = {
	};
	objectVersion = 46;
	objects = {

/* Begin PBXBuildFile section */
		EADB330F21C9E2850022E983 /* main.cpp in Sources */ = {isa = PBXBuildFile; fileRef = EADB330E21C9E2850022E983 /* main.cpp */; };
/* End PBXBuildFile section */

/* Begin PBXCopyFilesBuildPhase section */
		EADB330921C9E2850022E983 /* CopyFiles */ = {
			isa = PBXCopyFilesBuildPhase;
			buildActionMask = 2147483647;
			dstPath = /usr/share/man/man1/;
			dstSubfolderSpec = 0;
			files = (
			);
			runOnlyForDeploymentPostprocessing = 1;
		};
/* End PBXCopyFilesBuildPhase section */

/* Begin PBXFileReference section */
		EADB330B21C9E2850022E983 /* CCC '08 S2 - Pennies in the Ring */ = {isa = PBXFileReference; explicitFileType = "compiled.mach-o.executable"; includeInIndex = 0; path = "CCC '08 S2 - Pennies in the Ring"; sourceTree = BUILT_PRODUCTS_DIR; };
		EADB330E21C9E2850022E983 /* main.cpp */ = {isa = PBXFileReference; lastKnownFileType = sourcecode.cpp.cpp; path = main.cpp; sourceTree = "<group>"; };
/* End PBXFileReference section */

/* Begin PBXFrameworksBuildPhase section */
		EADB330821C9E2850022E983 /* Frameworks */ = {
			isa = PBXFrameworksBuildPhase;
			buildActionMask = 2147483647;
			files = (
			);
			runOnlyForDeploymentPostprocessing = 0;
		};
/* End PBXFrameworksBuildPhase section */

/* Begin PBXGroup section */
		EADB330221C9E2850022E983 = {
			isa = PBXGroup;
			children = (
				EADB330D21C9E2850022E983 /* CCC '08 S2 - Pennies in the Ring */,
				EADB330C21C9E2850022E983 /* Products */,
			);
			sourceTree = "<group>";
		};
		EADB330C21C9E2850022E983 /* Products */ = {
			isa = PBXGroup;
			children = (
				EADB330B21C9E2850022E983 /* CCC '08 S2 - Pennies in the Ring */,
			);
			name = Products;
			sourceTree = "<group>";
		};
		EADB330D21C9E2850022E983 /* CCC '08 S2 - Pennies in the Ring */ = {
			isa = PBXGroup;
			children = (
				EADB330E21C9E2850022E983 /* main.cpp */,
			);
			path = "CCC '08 S2 - Pennies in the Ring";
			sourceTree = "<group>";
		};
/* End PBXGroup section */

/* Begin PBXNativeTarget section */
		EADB330A21C9E2850022E983 /* CCC '08 S2 - Pennies in the Ring */ = {
			isa = PBXNativeTarget;
			buildConfigurationList = EADB331221C9E2850022E983 /* Build configuration list for PBXNativeTarget "CCC '08 S2 - Pennies in the Ring" */;
			buildPhases = (
				EADB330721C9E2850022E983 /* Sources */,
				EADB330821C9E2850022E983 /* Frameworks */,
				EADB330921C9E2850022E983 /* CopyFiles */,
			);
			buildRules = (
			);
			dependencies = (
			);
			name = "CCC '08 S2 - Pennies in the Ring";
			productName = "CCC '08 S2 - Pennies in the Ring";
			productReference = EADB330B21C9E2850022E983 /* CCC '08 S2 - Pennies in the Ring */;
			productType = "com.apple.product-type.tool";
		};
/* End PBXNativeTarget section */

/* Begin PBXProject section */
		EADB330321C9E2850022E983 /* Project object */ = {
			isa = PBXProject;
			attributes = {
				LastUpgradeCheck = 0730;
				ORGANIZATIONNAME = aa;
				TargetAttributes = {
					EADB330A21C9E2850022E983 = {
						CreatedOnToolsVersion = 7.3.1;
					};
				};
			};
			buildConfigurationList = EADB330621C9E2850022E983 /* Build configuration list for PBXProject "CCC '08 S2 - Pennies in the Ring" */;
			compatibilityVersion = "Xcode 3.2";
			developmentRegion = English;
			hasScannedForEncodings = 0;
			knownRegions = (
				en,
			);
			mainGroup = EADB330221C9E2850022E983;
			productRefGroup = EADB330C21C9E2850022E983 /* Products */;
			projectDirPath = "";
			projectRoot = "";
			targets = (
				EADB330A21C9E2850022E983 /* CCC '08 S2 - Pennies in the Ring */,
			);
		};
/* End PBXProject section */

/* Begin PBXSourcesBuildPhase section */
		EADB330721C9E2850022E983 /* Sources */ = {
			isa = PBXSourcesBuildPhase;
			buildActionMask = 2147483647;
			files = (
				EADB330F21C9E2850022E983 /* main.cpp in Sources */,
			);
			runOnlyForDeploymentPostprocessing = 0;
		};
/* End PBXSourcesBuildPhase section */

/* Begin XCBuildConfiguration section */
		EADB331021C9E2850022E983 /* Debug */ = {
			isa = XCBuildConfiguration;
			buildSettings = {
				ALWAYS_SEARCH_USER_PATHS = NO;
				CLANG_ANALYZER_NONNULL = YES;
				CLANG_CXX_LANGUAGE_STANDARD = "gnu++0x";
				CLANG_CXX_LIBRARY = "libc++";
				CLANG_ENABLE_MODULES = YES;
				CLANG_ENABLE_OBJC_ARC = YES;
				CLANG_WARN_BOOL_CONVERSION = YES;
				CLANG_WARN_CONSTANT_CONVERSION = YES;
				CLANG_WARN_DIRECT_OBJC_ISA_USAGE = YES_ERROR;
				CLANG_WARN_EMPTY_BODY = YES;
				CLANG_WARN_ENUM_CONVERSION = YES;
				CLANG_WARN_INT_CONVERSION = YES;
				CLANG_WARN_OBJC_ROOT_CLASS = YES_ERROR;
				CLANG_WARN_UNREACHABLE_CODE = YES;
				CLANG_WARN__DUPLICATE_METHOD_MATCH = YES;
				CODE_SIGN_IDENTITY = "-";
				COPY_PHASE_STRIP = NO;
				DEBUG_INFORMATION_FORMAT = dwarf;
				ENABLE_STRICT_OBJC_MSGSEND = YES;
				ENABLE_TESTABILITY = YES;
				GCC_C_LANGUAGE_STANDARD = gnu99;
				GCC_DYNAMIC_NO_PIC = NO;
				GCC_NO_COMMON_BLOCKS = YES;
				GCC_OPTIMIZATION_LEVEL = 0;
				GCC_PREPROCESSOR_DEFINITIONS = (
					"DEBUG=1",
					"$(inherited)",
				);
				GCC_WARN_64_TO_32_BIT_CONVERSION = YES;
				GCC_WARN_ABOUT_RETURN_TYPE = YES_ERROR;
				GCC_WARN_UNDECLARED_SELECTOR = YES;
				GCC_WARN_UNINITIALIZED_AUTOS = YES_AGGRESSIVE;
				GCC_WARN_UNUSED_FUNCTION = YES;
				GCC_WARN_UNUSED_VARIABLE = YES;
				MACOSX_DEPLOYMENT_TARGET = 10.11;
				MTL_ENABLE_DEBUG_INFO = YES;
				ONLY_ACTIVE_ARCH = YES;
				SDKROOT = macosx;
			};
			name = Debug;
		};
		EADB331121C9E2850022E983 /* Release */ = {
			isa = XCBuildConfiguration;
			buildSettings = {
				ALWAYS_SEARCH_USER_PATHS = NO;
				CLANG_ANALYZER_NONNULL = YES;
				CLANG_CXX_LANGUAGE_STANDARD = "gnu++0x";
				CLANG_CXX_LIBRARY = "libc++";
				CLANG_ENABLE_MODULES = YES;
				CLANG_ENABLE_OBJC_ARC = YES;
				CLANG_WARN_BOOL_CONVERSION = YES;
				CLANG_WARN_CONSTANT_CONVERSION = YES;
				CLANG_WARN_DIRECT_OBJC_ISA_USAGE = YES_ERROR;
				CLANG_WARN_EMPTY_BODY = YES;
				CLANG_WARN_ENUM_CONVERSION = YES;
				CLANG_WARN_INT_CONVERSION = YES;
				CLANG_WARN_OBJC_ROOT_CLASS = YES_ERROR;
				CLANG_WARN_UNREACHABLE_CODE = YES;
				CLANG_WARN__DUPLICATE_METHOD_MATCH = YES;
				CODE_SIGN_IDENTITY = "-";
				COPY_PHASE_STRIP = NO;
				DEBUG_INFORMATION_FORMAT = "dwarf-with-dsym";
				ENABLE_NS_ASSERTIONS = NO;
				ENABLE_STRICT_OBJC_MSGSEND = YES;
				GCC_C_LANGUAGE_STANDARD = gnu99;
				GCC_NO_COMMON_BLOCKS = YES;
				GCC_WARN_64_TO_32_BIT_CONVERSION = YES;
				GCC_WARN_ABOUT_RETURN_TYPE = YES_ERROR;
				GCC_WARN_UNDECLARED_SELECTOR = YES;
				GCC_WARN_UNINITIALIZED_AUTOS = YES_AGGRESSIVE;
				GCC_WARN_UNUSED_FUNCTION = YES;
				GCC_WARN_UNUSED_VARIABLE = YES;
				MACOSX_DEPLOYMENT_TARGET = 10.11;
				MTL_ENABLE_DEBUG_INFO = NO;
				SDKROOT = macosx;
			};
			name = Release;
		};
		EADB331321C9E2850022E983 /* Debug */ = {
			isa = XCBuildConfiguration;
			buildSettings = {
				PRODUCT_NAME = "$(TARGET_NAME)";
			};
			name = Debug;
		};
		EADB331421C9E2850022E983 /* Release */ = {
			isa = XCBuildConfiguration;
			buildSettings = {
				PRODUCT_NAME = "$(TARGET_NAME)";
			};
			name = Release;
		};
/* End XCBuildConfiguration section */

/* Begin XCConfigurationList section */
		EADB330621C9E2850022E983 /* Build configuration list for PBXProject "CCC '08 S2 - Pennies in the Ring" */ = {
			isa = XCConfigurationList;
			buildConfigurations = (
				EADB331021C9E2850022E983 /* Debug */,
				EADB331121C9E2850022E983 /* Release */,
			);
			defaultConfigurationIsVisible = 0;
			defaultConfigurationName = Release;
		};
		EADB331221C9E2850022E983 /* Build configuration list for PBXNativeTarget "CCC '08 S2 - Pennies in the Ring" */ = {
			isa = XCConfigurationList;
			buildConfigurations = (
				EADB331321C9E2850022E983 /* Debug */,
				EADB331421C9E2850022E983 /* Release */,
			);
			defaultConfigurationIsVisible = 0;
		};
/* End XCConfigurationList section */
	};
	rootObject = EADB330321C9E2850022E983 /* Project object */;
}
