// !$*UTF8*$!
{
	archiveVersion = 1;
	classes = {
	};
	objectVersion = 46;
	objects = {

/* Begin PBXBuildFile section */
		EADB32D621C94C3F0022E983 /* main.cpp in Sources */ = {isa = PBXBuildFile; fileRef = EADB32D521C94C3F0022E983 /* main.cpp */; };
/* End PBXBuildFile section */

/* Begin PBXCopyFilesBuildPhase section */
		EADB32D021C94C3F0022E983 /* CopyFiles */ = {
			isa = PBXCopyFilesBuildPhase;
			buildActionMask = 2147483647;
			dstPath = /usr/share/man/man1/;
			dstSubfolderSpec = 0;
			files = (
			);
			runOnlyForDeploymentPostprocessing = 1;
		};
/* End PBXCopyFilesBuildPhase section */

/* Begin PBXFileReference section */
		EADB32D221C94C3F0022E983 /* Moose '18 Contest 3 S3 - Unwrapping Numbers */ = {isa = PBXFileReference; explicitFileType = "compiled.mach-o.executable"; includeInIndex = 0; path = "Moose '18 Contest 3 S3 - Unwrapping Numbers"; sourceTree = BUILT_PRODUCTS_DIR; };
		EADB32D521C94C3F0022E983 /* main.cpp */ = {isa = PBXFileReference; lastKnownFileType = sourcecode.cpp.cpp; path = main.cpp; sourceTree = "<group>"; };
/* End PBXFileReference section */

/* Begin PBXFrameworksBuildPhase section */
		EADB32CF21C94C3F0022E983 /* Frameworks */ = {
			isa = PBXFrameworksBuildPhase;
			buildActionMask = 2147483647;
			files = (
			);
			runOnlyForDeploymentPostprocessing = 0;
		};
/* End PBXFrameworksBuildPhase section */

/* Begin PBXGroup section */
		EADB32C921C94C3F0022E983 = {
			isa = PBXGroup;
			children = (
				EADB32D421C94C3F0022E983 /* Moose '18 Contest 3 S3 - Unwrapping Numbers */,
				EADB32D321C94C3F0022E983 /* Products */,
			);
			sourceTree = "<group>";
		};
		EADB32D321C94C3F0022E983 /* Products */ = {
			isa = PBXGroup;
			children = (
				EADB32D221C94C3F0022E983 /* Moose '18 Contest 3 S3 - Unwrapping Numbers */,
			);
			name = Products;
			sourceTree = "<group>";
		};
		EADB32D421C94C3F0022E983 /* Moose '18 Contest 3 S3 - Unwrapping Numbers */ = {
			isa = PBXGroup;
			children = (
				EADB32D521C94C3F0022E983 /* main.cpp */,
			);
			path = "Moose '18 Contest 3 S3 - Unwrapping Numbers";
			sourceTree = "<group>";
		};
/* End PBXGroup section */

/* Begin PBXNativeTarget section */
		EADB32D121C94C3F0022E983 /* Moose '18 Contest 3 S3 - Unwrapping Numbers */ = {
			isa = PBXNativeTarget;
			buildConfigurationList = EADB32D921C94C3F0022E983 /* Build configuration list for PBXNativeTarget "Moose '18 Contest 3 S3 - Unwrapping Numbers" */;
			buildPhases = (
				EADB32CE21C94C3F0022E983 /* Sources */,
				EADB32CF21C94C3F0022E983 /* Frameworks */,
				EADB32D021C94C3F0022E983 /* CopyFiles */,
			);
			buildRules = (
			);
			dependencies = (
			);
			name = "Moose '18 Contest 3 S3 - Unwrapping Numbers";
			productName = "Moose '18 Contest 3 S3 - Unwrapping Numbers";
			productReference = EADB32D221C94C3F0022E983 /* Moose '18 Contest 3 S3 - Unwrapping Numbers */;
			productType = "com.apple.product-type.tool";
		};
/* End PBXNativeTarget section */

/* Begin PBXProject section */
		EADB32CA21C94C3F0022E983 /* Project object */ = {
			isa = PBXProject;
			attributes = {
				LastUpgradeCheck = 0730;
				ORGANIZATIONNAME = aa;
				TargetAttributes = {
					EADB32D121C94C3F0022E983 = {
						CreatedOnToolsVersion = 7.3.1;
					};
				};
			};
			buildConfigurationList = EADB32CD21C94C3F0022E983 /* Build configuration list for PBXProject "Moose '18 Contest 3 S3 - Unwrapping Numbers" */;
			compatibilityVersion = "Xcode 3.2";
			developmentRegion = English;
			hasScannedForEncodings = 0;
			knownRegions = (
				en,
			);
			mainGroup = EADB32C921C94C3F0022E983;
			productRefGroup = EADB32D321C94C3F0022E983 /* Products */;
			projectDirPath = "";
			projectRoot = "";
			targets = (
				EADB32D121C94C3F0022E983 /* Moose '18 Contest 3 S3 - Unwrapping Numbers */,
			);
		};
/* End PBXProject section */

/* Begin PBXSourcesBuildPhase section */
		EADB32CE21C94C3F0022E983 /* Sources */ = {
			isa = PBXSourcesBuildPhase;
			buildActionMask = 2147483647;
			files = (
				EADB32D621C94C3F0022E983 /* main.cpp in Sources */,
			);
			runOnlyForDeploymentPostprocessing = 0;
		};
/* End PBXSourcesBuildPhase section */

/* Begin XCBuildConfiguration section */
		EADB32D721C94C3F0022E983 /* Debug */ = {
			isa = XCBuildConfiguration;
			buildSettings = {
				ALWAYS_SEARCH_USER_PATHS = NO;
				CLANG_ANALYZER_NONNULL = YES;
				CLANG_CXX_LANGUAGE_STANDARD = "gnu++0x";
				CLANG_CXX_LIBRARY = "libc++";
				CLANG_ENABLE_MODULES = YES;
				CLANG_ENABLE_OBJC_ARC = YES;
				CLANG_WARN_BOOL_CONVERSION = YES;
				CLANG_WARN_CONSTANT_CONVERSION = YES;
				CLANG_WARN_DIRECT_OBJC_ISA_USAGE = YES_ERROR;
				CLANG_WARN_EMPTY_BODY = YES;
				CLANG_WARN_ENUM_CONVERSION = YES;
				CLANG_WARN_INT_CONVERSION = YES;
				CLANG_WARN_OBJC_ROOT_CLASS = YES_ERROR;
				CLANG_WARN_UNREACHABLE_CODE = YES;
				CLANG_WARN__DUPLICATE_METHOD_MATCH = YES;
				CODE_SIGN_IDENTITY = "-";
				COPY_PHASE_STRIP = NO;
				DEBUG_INFORMATION_FORMAT = dwarf;
				ENABLE_STRICT_OBJC_MSGSEND = YES;
				ENABLE_TESTABILITY = YES;
				GCC_C_LANGUAGE_STANDARD = gnu99;
				GCC_DYNAMIC_NO_PIC = NO;
				GCC_NO_COMMON_BLOCKS = YES;
				GCC_OPTIMIZATION_LEVEL = 0;
				GCC_PREPROCESSOR_DEFINITIONS = (
					"DEBUG=1",
					"$(inherited)",
				);
				GCC_WARN_64_TO_32_BIT_CONVERSION = YES;
				GCC_WARN_ABOUT_RETURN_TYPE = YES_ERROR;
				GCC_WARN_UNDECLARED_SELECTOR = YES;
				GCC_WARN_UNINITIALIZED_AUTOS = YES_AGGRESSIVE;
				GCC_WARN_UNUSED_FUNCTION = YES;
				GCC_WARN_UNUSED_VARIABLE = YES;
				MACOSX_DEPLOYMENT_TARGET = 10.11;
				MTL_ENABLE_DEBUG_INFO = YES;
				ONLY_ACTIVE_ARCH = YES;
				SDKROOT = macosx;
			};
			name = Debug;
		};
		EADB32D821C94C3F0022E983 /* Release */ = {
			isa = XCBuildConfiguration;
			buildSettings = {
				ALWAYS_SEARCH_USER_PATHS = NO;
				CLANG_ANALYZER_NONNULL = YES;
				CLANG_CXX_LANGUAGE_STANDARD = "gnu++0x";
				CLANG_CXX_LIBRARY = "libc++";
				CLANG_ENABLE_MODULES = YES;
				CLANG_ENABLE_OBJC_ARC = YES;
				CLANG_WARN_BOOL_CONVERSION = YES;
				CLANG_WARN_CONSTANT_CONVERSION = YES;
				CLANG_WARN_DIRECT_OBJC_ISA_USAGE = YES_ERROR;
				CLANG_WARN_EMPTY_BODY = YES;
				CLANG_WARN_ENUM_CONVERSION = YES;
				CLANG_WARN_INT_CONVERSION = YES;
				CLANG_WARN_OBJC_ROOT_CLASS = YES_ERROR;
				CLANG_WARN_UNREACHABLE_CODE = YES;
				CLANG_WARN__DUPLICATE_METHOD_MATCH = YES;
				CODE_SIGN_IDENTITY = "-";
				COPY_PHASE_STRIP = NO;
				DEBUG_INFORMATION_FORMAT = "dwarf-with-dsym";
				ENABLE_NS_ASSERTIONS = NO;
				ENABLE_STRICT_OBJC_MSGSEND = YES;
				GCC_C_LANGUAGE_STANDARD = gnu99;
				GCC_NO_COMMON_BLOCKS = YES;
				GCC_WARN_64_TO_32_BIT_CONVERSION = YES;
				GCC_WARN_ABOUT_RETURN_TYPE = YES_ERROR;
				GCC_WARN_UNDECLARED_SELECTOR = YES;
				GCC_WARN_UNINITIALIZED_AUTOS = YES_AGGRESSIVE;
				GCC_WARN_UNUSED_FUNCTION = YES;
				GCC_WARN_UNUSED_VARIABLE = YES;
				MACOSX_DEPLOYMENT_TARGET = 10.11;
				MTL_ENABLE_DEBUG_INFO = NO;
				SDKROOT = macosx;
			};
			name = Release;
		};
		EADB32DA21C94C3F0022E983 /* Debug */ = {
			isa = XCBuildConfiguration;
			buildSettings = {
				PRODUCT_NAME = "$(TARGET_NAME)";
			};
			name = Debug;
		};
		EADB32DB21C94C3F0022E983 /* Release */ = {
			isa = XCBuildConfiguration;
			buildSettings = {
				PRODUCT_NAME = "$(TARGET_NAME)";
			};
			name = Release;
		};
/* End XCBuildConfiguration section */

/* Begin XCConfigurationList section */
		EADB32CD21C94C3F0022E983 /* Build configuration list for PBXProject "Moose '18 Contest 3 S3 - Unwrapping Numbers" */ = {
			isa = XCConfigurationList;
			buildConfigurations = (
				EADB32D721C94C3F0022E983 /* Debug */,
				EADB32D821C94C3F0022E983 /* Release */,
			);
			defaultConfigurationIsVisible = 0;
			defaultConfigurationName = Release;
		};
		EADB32D921C94C3F0022E983 /* Build configuration list for PBXNativeTarget "Moose '18 Contest 3 S3 - Unwrapping Numbers" */ = {
			isa = XCConfigurationList;
			buildConfigurations = (
				EADB32DA21C94C3F0022E983 /* Debug */,
				EADB32DB21C94C3F0022E983 /* Release */,
			);
			defaultConfigurationIsVisible = 0;
		};
/* End XCConfigurationList section */
	};
	rootObject = EADB32CA21C94C3F0022E983 /* Project object */;
}
