// !$*UTF8*$!
{
	archiveVersion = 1;
	classes = {
	};
	objectVersion = 46;
	objects = {

/* Begin PBXBuildFile section */
		EA10105E2142AD70008DCBD5 /* main.cpp in Sources */ = {isa = PBXBuildFile; fileRef = EA10105D2142AD70008DCBD5 /* main.cpp */; };
/* End PBXBuildFile section */

/* Begin PBXCopyFilesBuildPhase section */
		EA1010582142AD70008DCBD5 /* CopyFiles */ = {
			isa = PBXCopyFilesBuildPhase;
			buildActionMask = 2147483647;
			dstPath = /usr/share/man/man1/;
			dstSubfolderSpec = 0;
			files = (
			);
			runOnlyForDeploymentPostprocessing = 1;
		};
/* End PBXCopyFilesBuildPhase section */

/* Begin PBXFileReference section */
		EA10105A2142AD70008DCBD5 /* Mock CCO '17 Day 2 P1 - Guards */ = {isa = PBXFileReference; explicitFileType = "compiled.mach-o.executable"; includeInIndex = 0; path = "Mock CCO '17 Day 2 P1 - Guards"; sourceTree = BUILT_PRODUCTS_DIR; };
		EA10105D2142AD70008DCBD5 /* main.cpp */ = {isa = PBXFileReference; lastKnownFileType = sourcecode.cpp.cpp; path = main.cpp; sourceTree = "<group>"; };
/* End PBXFileReference section */

/* Begin PBXFrameworksBuildPhase section */
		EA1010572142AD70008DCBD5 /* Frameworks */ = {
			isa = PBXFrameworksBuildPhase;
			buildActionMask = 2147483647;
			files = (
			);
			runOnlyForDeploymentPostprocessing = 0;
		};
/* End PBXFrameworksBuildPhase section */

/* Begin PBXGroup section */
		EA1010512142AD70008DCBD5 = {
			isa = PBXGroup;
			children = (
				EA10105C2142AD70008DCBD5 /* Mock CCO '17 Day 2 P1 - Guards */,
				EA10105B2142AD70008DCBD5 /* Products */,
			);
			sourceTree = "<group>";
		};
		EA10105B2142AD70008DCBD5 /* Products */ = {
			isa = PBXGroup;
			children = (
				EA10105A2142AD70008DCBD5 /* Mock CCO '17 Day 2 P1 - Guards */,
			);
			name = Products;
			sourceTree = "<group>";
		};
		EA10105C2142AD70008DCBD5 /* Mock CCO '17 Day 2 P1 - Guards */ = {
			isa = PBXGroup;
			children = (
				EA10105D2142AD70008DCBD5 /* main.cpp */,
			);
			path = "Mock CCO '17 Day 2 P1 - Guards";
			sourceTree = "<group>";
		};
/* End PBXGroup section */

/* Begin PBXNativeTarget section */
		EA1010592142AD70008DCBD5 /* Mock CCO '17 Day 2 P1 - Guards */ = {
			isa = PBXNativeTarget;
			buildConfigurationList = EA1010612142AD70008DCBD5 /* Build configuration list for PBXNativeTarget "Mock CCO '17 Day 2 P1 - Guards" */;
			buildPhases = (
				EA1010562142AD70008DCBD5 /* Sources */,
				EA1010572142AD70008DCBD5 /* Frameworks */,
				EA1010582142AD70008DCBD5 /* CopyFiles */,
			);
			buildRules = (
			);
			dependencies = (
			);
			name = "Mock CCO '17 Day 2 P1 - Guards";
			productName = "Mock CCO '17 Day 2 P1 - Guards";
			productReference = EA10105A2142AD70008DCBD5 /* Mock CCO '17 Day 2 P1 - Guards */;
			productType = "com.apple.product-type.tool";
		};
/* End PBXNativeTarget section */

/* Begin PBXProject section */
		EA1010522142AD70008DCBD5 /* Project object */ = {
			isa = PBXProject;
			attributes = {
				LastUpgradeCheck = 0730;
				ORGANIZATIONNAME = aa;
				TargetAttributes = {
					EA1010592142AD70008DCBD5 = {
						CreatedOnToolsVersion = 7.3.1;
					};
				};
			};
			buildConfigurationList = EA1010552142AD70008DCBD5 /* Build configuration list for PBXProject "Mock CCO '17 Day 2 P1 - Guards" */;
			compatibilityVersion = "Xcode 3.2";
			developmentRegion = English;
			hasScannedForEncodings = 0;
			knownRegions = (
				en,
			);
			mainGroup = EA1010512142AD70008DCBD5;
			productRefGroup = EA10105B2142AD70008DCBD5 /* Products */;
			projectDirPath = "";
			projectRoot = "";
			targets = (
				EA1010592142AD70008DCBD5 /* Mock CCO '17 Day 2 P1 - Guards */,
			);
		};
/* End PBXProject section */

/* Begin PBXSourcesBuildPhase section */
		EA1010562142AD70008DCBD5 /* Sources */ = {
			isa = PBXSourcesBuildPhase;
			buildActionMask = 2147483647;
			files = (
				EA10105E2142AD70008DCBD5 /* main.cpp in Sources */,
			);
			runOnlyForDeploymentPostprocessing = 0;
		};
/* End PBXSourcesBuildPhase section */

/* Begin XCBuildConfiguration section */
		EA10105F2142AD70008DCBD5 /* Debug */ = {
			isa = XCBuildConfiguration;
			buildSettings = {
				ALWAYS_SEARCH_USER_PATHS = NO;
				CLANG_ANALYZER_NONNULL = YES;
				CLANG_CXX_LANGUAGE_STANDARD = "gnu++0x";
				CLANG_CXX_LIBRARY = "libc++";
				CLANG_ENABLE_MODULES = YES;
				CLANG_ENABLE_OBJC_ARC = YES;
				CLANG_WARN_BOOL_CONVERSION = YES;
				CLANG_WARN_CONSTANT_CONVERSION = YES;
				CLANG_WARN_DIRECT_OBJC_ISA_USAGE = YES_ERROR;
				CLANG_WARN_EMPTY_BODY = YES;
				CLANG_WARN_ENUM_CONVERSION = YES;
				CLANG_WARN_INT_CONVERSION = YES;
				CLANG_WARN_OBJC_ROOT_CLASS = YES_ERROR;
				CLANG_WARN_UNREACHABLE_CODE = YES;
				CLANG_WARN__DUPLICATE_METHOD_MATCH = YES;
				CODE_SIGN_IDENTITY = "-";
				COPY_PHASE_STRIP = NO;
				DEBUG_INFORMATION_FORMAT = dwarf;
				ENABLE_STRICT_OBJC_MSGSEND = YES;
				ENABLE_TESTABILITY = YES;
				GCC_C_LANGUAGE_STANDARD = gnu99;
				GCC_DYNAMIC_NO_PIC = NO;
				GCC_NO_COMMON_BLOCKS = YES;
				GCC_OPTIMIZATION_LEVEL = 0;
				GCC_PREPROCESSOR_DEFINITIONS = (
					"DEBUG=1",
					"$(inherited)",
				);
				GCC_WARN_64_TO_32_BIT_CONVERSION = YES;
				GCC_WARN_ABOUT_RETURN_TYPE = YES_ERROR;
				GCC_WARN_UNDECLARED_SELECTOR = YES;
				GCC_WARN_UNINITIALIZED_AUTOS = YES_AGGRESSIVE;
				GCC_WARN_UNUSED_FUNCTION = YES;
				GCC_WARN_UNUSED_VARIABLE = YES;
				MACOSX_DEPLOYMENT_TARGET = 10.11;
				MTL_ENABLE_DEBUG_INFO = YES;
				ONLY_ACTIVE_ARCH = YES;
				SDKROOT = macosx;
			};
			name = Debug;
		};
		EA1010602142AD70008DCBD5 /* Release */ = {
			isa = XCBuildConfiguration;
			buildSettings = {
				ALWAYS_SEARCH_USER_PATHS = NO;
				CLANG_ANALYZER_NONNULL = YES;
				CLANG_CXX_LANGUAGE_STANDARD = "gnu++0x";
				CLANG_CXX_LIBRARY = "libc++";
				CLANG_ENABLE_MODULES = YES;
				CLANG_ENABLE_OBJC_ARC = YES;
				CLANG_WARN_BOOL_CONVERSION = YES;
				CLANG_WARN_CONSTANT_CONVERSION = YES;
				CLANG_WARN_DIRECT_OBJC_ISA_USAGE = YES_ERROR;
				CLANG_WARN_EMPTY_BODY = YES;
				CLANG_WARN_ENUM_CONVERSION = YES;
				CLANG_WARN_INT_CONVERSION = YES;
				CLANG_WARN_OBJC_ROOT_CLASS = YES_ERROR;
				CLANG_WARN_UNREACHABLE_CODE = YES;
				CLANG_WARN__DUPLICATE_METHOD_MATCH = YES;
				CODE_SIGN_IDENTITY = "-";
				COPY_PHASE_STRIP = NO;
				DEBUG_INFORMATION_FORMAT = "dwarf-with-dsym";
				ENABLE_NS_ASSERTIONS = NO;
				ENABLE_STRICT_OBJC_MSGSEND = YES;
				GCC_C_LANGUAGE_STANDARD = gnu99;
				GCC_NO_COMMON_BLOCKS = YES;
				GCC_WARN_64_TO_32_BIT_CONVERSION = YES;
				GCC_WARN_ABOUT_RETURN_TYPE = YES_ERROR;
				GCC_WARN_UNDECLARED_SELECTOR = YES;
				GCC_WARN_UNINITIALIZED_AUTOS = YES_AGGRESSIVE;
				GCC_WARN_UNUSED_FUNCTION = YES;
				GCC_WARN_UNUSED_VARIABLE = YES;
				MACOSX_DEPLOYMENT_TARGET = 10.11;
				MTL_ENABLE_DEBUG_INFO = NO;
				SDKROOT = macosx;
			};
			name = Release;
		};
		EA1010622142AD70008DCBD5 /* Debug */ = {
			isa = XCBuildConfiguration;
			buildSettings = {
				PRODUCT_NAME = "$(TARGET_NAME)";
			};
			name = Debug;
		};
		EA1010632142AD70008DCBD5 /* Release */ = {
			isa = XCBuildConfiguration;
			buildSettings = {
				PRODUCT_NAME = "$(TARGET_NAME)";
			};
			name = Release;
		};
/* End XCBuildConfiguration section */

/* Begin XCConfigurationList section */
		EA1010552142AD70008DCBD5 /* Build configuration list for PBXProject "Mock CCO '17 Day 2 P1 - Guards" */ = {
			isa = XCConfigurationList;
			buildConfigurations = (
				EA10105F2142AD70008DCBD5 /* Debug */,
				EA1010602142AD70008DCBD5 /* Release */,
			);
			defaultConfigurationIsVisible = 0;
			defaultConfigurationName = Release;
		};
		EA1010612142AD70008DCBD5 /* Build configuration list for PBXNativeTarget "Mock CCO '17 Day 2 P1 - Guards" */ = {
			isa = XCConfigurationList;
			buildConfigurations = (
				EA1010622142AD70008DCBD5 /* Debug */,
				EA1010632142AD70008DCBD5 /* Release */,
			);
			defaultConfigurationIsVisible = 0;
			defaultConfigurationName = Release;
		};
/* End XCConfigurationList section */
	};
	rootObject = EA1010522142AD70008DCBD5 /* Project object */;
}
