// !$*UTF8*$!
{
	archiveVersion = 1;
	classes = {
	};
	objectVersion = 46;
	objects = {

/* Begin PBXBuildFile section */
		EAFAEDCC21C8742B00E9C3A9 /* main.cpp in Sources */ = {isa = PBXBuildFile; fileRef = EAFAEDCB21C8742B00E9C3A9 /* main.cpp */; };
/* End PBXBuildFile section */

/* Begin PBXCopyFilesBuildPhase section */
		EAFAEDC621C8742B00E9C3A9 /* CopyFiles */ = {
			isa = PBXCopyFilesBuildPhase;
			buildActionMask = 2147483647;
			dstPath = /usr/share/man/man1/;
			dstSubfolderSpec = 0;
			files = (
			);
			runOnlyForDeploymentPostprocessing = 1;
		};
/* End PBXCopyFilesBuildPhase section */

/* Begin PBXFileReference section */
		EAFAEDC821C8742B00E9C3A9 /* USACO Bronze P1 - Mixing Milk */ = {isa = PBXFileReference; explicitFileType = "compiled.mach-o.executable"; includeInIndex = 0; path = "USACO Bronze P1 - Mixing Milk"; sourceTree = BUILT_PRODUCTS_DIR; };
		EAFAEDCB21C8742B00E9C3A9 /* main.cpp */ = {isa = PBXFileReference; lastKnownFileType = sourcecode.cpp.cpp; path = main.cpp; sourceTree = "<group>"; };
/* End PBXFileReference section */

/* Begin PBXFrameworksBuildPhase section */
		EAFAEDC521C8742B00E9C3A9 /* Frameworks */ = {
			isa = PBXFrameworksBuildPhase;
			buildActionMask = 2147483647;
			files = (
			);
			runOnlyForDeploymentPostprocessing = 0;
		};
/* End PBXFrameworksBuildPhase section */

/* Begin PBXGroup section */
		EAFAEDBF21C8742B00E9C3A9 = {
			isa = PBXGroup;
			children = (
				EAFAEDCA21C8742B00E9C3A9 /* USACO Bronze P1 - Mixing Milk */,
				EAFAEDC921C8742B00E9C3A9 /* Products */,
			);
			sourceTree = "<group>";
		};
		EAFAEDC921C8742B00E9C3A9 /* Products */ = {
			isa = PBXGroup;
			children = (
				EAFAEDC821C8742B00E9C3A9 /* USACO Bronze P1 - Mixing Milk */,
			);
			name = Products;
			sourceTree = "<group>";
		};
		EAFAEDCA21C8742B00E9C3A9 /* USACO Bronze P1 - Mixing Milk */ = {
			isa = PBXGroup;
			children = (
				EAFAEDCB21C8742B00E9C3A9 /* main.cpp */,
			);
			path = "USACO Bronze P1 - Mixing Milk";
			sourceTree = "<group>";
		};
/* End PBXGroup section */

/* Begin PBXNativeTarget section */
		EAFAEDC721C8742B00E9C3A9 /* USACO Bronze P1 - Mixing Milk */ = {
			isa = PBXNativeTarget;
			buildConfigurationList = EAFAEDCF21C8742B00E9C3A9 /* Build configuration list for PBXNativeTarget "USACO Bronze P1 - Mixing Milk" */;
			buildPhases = (
				EAFAEDC421C8742B00E9C3A9 /* Sources */,
				EAFAEDC521C8742B00E9C3A9 /* Frameworks */,
				EAFAEDC621C8742B00E9C3A9 /* CopyFiles */,
			);
			buildRules = (
			);
			dependencies = (
			);
			name = "USACO Bronze P1 - Mixing Milk";
			productName = "USACO Bronze P1 - Mixing Milk";
			productReference = EAFAEDC821C8742B00E9C3A9 /* USACO Bronze P1 - Mixing Milk */;
			productType = "com.apple.product-type.tool";
		};
/* End PBXNativeTarget section */

/* Begin PBXProject section */
		EAFAEDC021C8742B00E9C3A9 /* Project object */ = {
			isa = PBXProject;
			attributes = {
				LastUpgradeCheck = 0730;
				ORGANIZATIONNAME = aa;
				TargetAttributes = {
					EAFAEDC721C8742B00E9C3A9 = {
						CreatedOnToolsVersion = 7.3.1;
					};
				};
			};
			buildConfigurationList = EAFAEDC321C8742B00E9C3A9 /* Build configuration list for PBXProject "USACO Bronze P1 - Mixing Milk" */;
			compatibilityVersion = "Xcode 3.2";
			developmentRegion = English;
			hasScannedForEncodings = 0;
			knownRegions = (
				en,
			);
			mainGroup = EAFAEDBF21C8742B00E9C3A9;
			productRefGroup = EAFAEDC921C8742B00E9C3A9 /* Products */;
			projectDirPath = "";
			projectRoot = "";
			targets = (
				EAFAEDC721C8742B00E9C3A9 /* USACO Bronze P1 - Mixing Milk */,
			);
		};
/* End PBXProject section */

/* Begin PBXSourcesBuildPhase section */
		EAFAEDC421C8742B00E9C3A9 /* Sources */ = {
			isa = PBXSourcesBuildPhase;
			buildActionMask = 2147483647;
			files = (
				EAFAEDCC21C8742B00E9C3A9 /* main.cpp in Sources */,
			);
			runOnlyForDeploymentPostprocessing = 0;
		};
/* End PBXSourcesBuildPhase section */

/* Begin XCBuildConfiguration section */
		EAFAEDCD21C8742B00E9C3A9 /* Debug */ = {
			isa = XCBuildConfiguration;
			buildSettings = {
				ALWAYS_SEARCH_USER_PATHS = NO;
				CLANG_ANALYZER_NONNULL = YES;
				CLANG_CXX_LANGUAGE_STANDARD = "gnu++0x";
				CLANG_CXX_LIBRARY = "libc++";
				CLANG_ENABLE_MODULES = YES;
				CLANG_ENABLE_OBJC_ARC = YES;
				CLANG_WARN_BOOL_CONVERSION = YES;
				CLANG_WARN_CONSTANT_CONVERSION = YES;
				CLANG_WARN_DIRECT_OBJC_ISA_USAGE = YES_ERROR;
				CLANG_WARN_EMPTY_BODY = YES;
				CLANG_WARN_ENUM_CONVERSION = YES;
				CLANG_WARN_INT_CONVERSION = YES;
				CLANG_WARN_OBJC_ROOT_CLASS = YES_ERROR;
				CLANG_WARN_UNREACHABLE_CODE = YES;
				CLANG_WARN__DUPLICATE_METHOD_MATCH = YES;
				CODE_SIGN_IDENTITY = "-";
				COPY_PHASE_STRIP = NO;
				DEBUG_INFORMATION_FORMAT = dwarf;
				ENABLE_STRICT_OBJC_MSGSEND = YES;
				ENABLE_TESTABILITY = YES;
				GCC_C_LANGUAGE_STANDARD = gnu99;
				GCC_DYNAMIC_NO_PIC = NO;
				GCC_NO_COMMON_BLOCKS = YES;
				GCC_OPTIMIZATION_LEVEL = 0;
				GCC_PREPROCESSOR_DEFINITIONS = (
					"DEBUG=1",
					"$(inherited)",
				);
				GCC_WARN_64_TO_32_BIT_CONVERSION = YES;
				GCC_WARN_ABOUT_RETURN_TYPE = YES_ERROR;
				GCC_WARN_UNDECLARED_SELECTOR = YES;
				GCC_WARN_UNINITIALIZED_AUTOS = YES_AGGRESSIVE;
				GCC_WARN_UNUSED_FUNCTION = YES;
				GCC_WARN_UNUSED_VARIABLE = YES;
				MACOSX_DEPLOYMENT_TARGET = 10.11;
				MTL_ENABLE_DEBUG_INFO = YES;
				ONLY_ACTIVE_ARCH = YES;
				SDKROOT = macosx;
			};
			name = Debug;
		};
		EAFAEDCE21C8742B00E9C3A9 /* Release */ = {
			isa = XCBuildConfiguration;
			buildSettings = {
				ALWAYS_SEARCH_USER_PATHS = NO;
				CLANG_ANALYZER_NONNULL = YES;
				CLANG_CXX_LANGUAGE_STANDARD = "gnu++0x";
				CLANG_CXX_LIBRARY = "libc++";
				CLANG_ENABLE_MODULES = YES;
				CLANG_ENABLE_OBJC_ARC = YES;
				CLANG_WARN_BOOL_CONVERSION = YES;
				CLANG_WARN_CONSTANT_CONVERSION = YES;
				CLANG_WARN_DIRECT_OBJC_ISA_USAGE = YES_ERROR;
				CLANG_WARN_EMPTY_BODY = YES;
				CLANG_WARN_ENUM_CONVERSION = YES;
				CLANG_WARN_INT_CONVERSION = YES;
				CLANG_WARN_OBJC_ROOT_CLASS = YES_ERROR;
				CLANG_WARN_UNREACHABLE_CODE = YES;
				CLANG_WARN__DUPLICATE_METHOD_MATCH = YES;
				CODE_SIGN_IDENTITY = "-";
				COPY_PHASE_STRIP = NO;
				DEBUG_INFORMATION_FORMAT = "dwarf-with-dsym";
				ENABLE_NS_ASSERTIONS = NO;
				ENABLE_STRICT_OBJC_MSGSEND = YES;
				GCC_C_LANGUAGE_STANDARD = gnu99;
				GCC_NO_COMMON_BLOCKS = YES;
				GCC_WARN_64_TO_32_BIT_CONVERSION = YES;
				GCC_WARN_ABOUT_RETURN_TYPE = YES_ERROR;
				GCC_WARN_UNDECLARED_SELECTOR = YES;
				GCC_WARN_UNINITIALIZED_AUTOS = YES_AGGRESSIVE;
				GCC_WARN_UNUSED_FUNCTION = YES;
				GCC_WARN_UNUSED_VARIABLE = YES;
				MACOSX_DEPLOYMENT_TARGET = 10.11;
				MTL_ENABLE_DEBUG_INFO = NO;
				SDKROOT = macosx;
			};
			name = Release;
		};
		EAFAEDD021C8742B00E9C3A9 /* Debug */ = {
			isa = XCBuildConfiguration;
			buildSettings = {
				PRODUCT_NAME = "$(TARGET_NAME)";
			};
			name = Debug;
		};
		EAFAEDD121C8742B00E9C3A9 /* Release */ = {
			isa = XCBuildConfiguration;
			buildSettings = {
				PRODUCT_NAME = "$(TARGET_NAME)";
			};
			name = Release;
		};
/* End XCBuildConfiguration section */

/* Begin XCConfigurationList section */
		EAFAEDC321C8742B00E9C3A9 /* Build configuration list for PBXProject "USACO Bronze P1 - Mixing Milk" */ = {
			isa = XCConfigurationList;
			buildConfigurations = (
				EAFAEDCD21C8742B00E9C3A9 /* Debug */,
				EAFAEDCE21C8742B00E9C3A9 /* Release */,
			);
			defaultConfigurationIsVisible = 0;
			defaultConfigurationName = Release;
		};
		EAFAEDCF21C8742B00E9C3A9 /* Build configuration list for PBXNativeTarget "USACO Bronze P1 - Mixing Milk" */ = {
			isa = XCConfigurationList;
			buildConfigurations = (
				EAFAEDD021C8742B00E9C3A9 /* Debug */,
				EAFAEDD121C8742B00E9C3A9 /* Release */,
			);
			defaultConfigurationIsVisible = 0;
		};
/* End XCConfigurationList section */
	};
	rootObject = EAFAEDC021C8742B00E9C3A9 /* Project object */;
}
