// !$*UTF8*$!
{
	archiveVersion = 1;
	classes = {
	};
	objectVersion = 46;
	objects = {

/* Begin PBXBuildFile section */
		EA275FA2223454CB0093E62B /* main.cpp in Sources */ = {isa = PBXBuildFile; fileRef = EA275FA1223454CB0093E62B /* main.cpp */; };
/* End PBXBuildFile section */

/* Begin PBXCopyFilesBuildPhase section */
		EA275F9C223454CB0093E62B /* CopyFiles */ = {
			isa = PBXCopyFilesBuildPhase;
			buildActionMask = 2147483647;
			dstPath = /usr/share/man/man1/;
			dstSubfolderSpec = 0;
			files = (
			);
			runOnlyForDeploymentPostprocessing = 1;
		};
/* End PBXCopyFilesBuildPhase section */

/* Begin PBXFileReference section */
		EA275F9E223454CB0093E62B /* DMOPC '15 Contest 6 P5 - A Classic Problem */ = {isa = PBXFileReference; explicitFileType = "compiled.mach-o.executable"; includeInIndex = 0; path = "DMOPC '15 Contest 6 P5 - A Classic Problem"; sourceTree = BUILT_PRODUCTS_DIR; };
		EA275FA1223454CB0093E62B /* main.cpp */ = {isa = PBXFileReference; lastKnownFileType = sourcecode.cpp.cpp; path = main.cpp; sourceTree = "<group>"; };
/* End PBXFileReference section */

/* Begin PBXFrameworksBuildPhase section */
		EA275F9B223454CB0093E62B /* Frameworks */ = {
			isa = PBXFrameworksBuildPhase;
			buildActionMask = 2147483647;
			files = (
			);
			runOnlyForDeploymentPostprocessing = 0;
		};
/* End PBXFrameworksBuildPhase section */

/* Begin PBXGroup section */
		EA275F95223454CB0093E62B = {
			isa = PBXGroup;
			children = (
				EA275FA0223454CB0093E62B /* DMOPC '15 Contest 6 P5 - A Classic Problem */,
				EA275F9F223454CB0093E62B /* Products */,
			);
			sourceTree = "<group>";
		};
		EA275F9F223454CB0093E62B /* Products */ = {
			isa = PBXGroup;
			children = (
				EA275F9E223454CB0093E62B /* DMOPC '15 Contest 6 P5 - A Classic Problem */,
			);
			name = Products;
			sourceTree = "<group>";
		};
		EA275FA0223454CB0093E62B /* DMOPC '15 Contest 6 P5 - A Classic Problem */ = {
			isa = PBXGroup;
			children = (
				EA275FA1223454CB0093E62B /* main.cpp */,
			);
			path = "DMOPC '15 Contest 6 P5 - A Classic Problem";
			sourceTree = "<group>";
		};
/* End PBXGroup section */

/* Begin PBXNativeTarget section */
		EA275F9D223454CB0093E62B /* DMOPC '15 Contest 6 P5 - A Classic Problem */ = {
			isa = PBXNativeTarget;
			buildConfigurationList = EA275FA5223454CB0093E62B /* Build configuration list for PBXNativeTarget "DMOPC '15 Contest 6 P5 - A Classic Problem" */;
			buildPhases = (
				EA275F9A223454CB0093E62B /* Sources */,
				EA275F9B223454CB0093E62B /* Frameworks */,
				EA275F9C223454CB0093E62B /* CopyFiles */,
			);
			buildRules = (
			);
			dependencies = (
			);
			name = "DMOPC '15 Contest 6 P5 - A Classic Problem";
			productName = "DMOPC '15 Contest 6 P5 - A Classic Problem";
			productReference = EA275F9E223454CB0093E62B /* DMOPC '15 Contest 6 P5 - A Classic Problem */;
			productType = "com.apple.product-type.tool";
		};
/* End PBXNativeTarget section */

/* Begin PBXProject section */
		EA275F96223454CB0093E62B /* Project object */ = {
			isa = PBXProject;
			attributes = {
				LastUpgradeCheck = 0730;
				ORGANIZATIONNAME = aa;
				TargetAttributes = {
					EA275F9D223454CB0093E62B = {
						CreatedOnToolsVersion = 7.3.1;
					};
				};
			};
			buildConfigurationList = EA275F99223454CB0093E62B /* Build configuration list for PBXProject "DMOPC '15 Contest 6 P5 - A Classic Problem" */;
			compatibilityVersion = "Xcode 3.2";
			developmentRegion = English;
			hasScannedForEncodings = 0;
			knownRegions = (
				en,
			);
			mainGroup = EA275F95223454CB0093E62B;
			productRefGroup = EA275F9F223454CB0093E62B /* Products */;
			projectDirPath = "";
			projectRoot = "";
			targets = (
				EA275F9D223454CB0093E62B /* DMOPC '15 Contest 6 P5 - A Classic Problem */,
			);
		};
/* End PBXProject section */

/* Begin PBXSourcesBuildPhase section */
		EA275F9A223454CB0093E62B /* Sources */ = {
			isa = PBXSourcesBuildPhase;
			buildActionMask = 2147483647;
			files = (
				EA275FA2223454CB0093E62B /* main.cpp in Sources */,
			);
			runOnlyForDeploymentPostprocessing = 0;
		};
/* End PBXSourcesBuildPhase section */

/* Begin XCBuildConfiguration section */
		EA275FA3223454CB0093E62B /* Debug */ = {
			isa = XCBuildConfiguration;
			buildSettings = {
				ALWAYS_SEARCH_USER_PATHS = NO;
				CLANG_ANALYZER_NONNULL = YES;
				CLANG_CXX_LANGUAGE_STANDARD = "gnu++0x";
				CLANG_CXX_LIBRARY = "libc++";
				CLANG_ENABLE_MODULES = YES;
				CLANG_ENABLE_OBJC_ARC = YES;
				CLANG_WARN_BOOL_CONVERSION = YES;
				CLANG_WARN_CONSTANT_CONVERSION = YES;
				CLANG_WARN_DIRECT_OBJC_ISA_USAGE = YES_ERROR;
				CLANG_WARN_EMPTY_BODY = YES;
				CLANG_WARN_ENUM_CONVERSION = YES;
				CLANG_WARN_INT_CONVERSION = YES;
				CLANG_WARN_OBJC_ROOT_CLASS = YES_ERROR;
				CLANG_WARN_UNREACHABLE_CODE = YES;
				CLANG_WARN__DUPLICATE_METHOD_MATCH = YES;
				CODE_SIGN_IDENTITY = "-";
				COPY_PHASE_STRIP = NO;
				DEBUG_INFORMATION_FORMAT = dwarf;
				ENABLE_STRICT_OBJC_MSGSEND = YES;
				ENABLE_TESTABILITY = YES;
				GCC_C_LANGUAGE_STANDARD = gnu99;
				GCC_DYNAMIC_NO_PIC = NO;
				GCC_NO_COMMON_BLOCKS = YES;
				GCC_OPTIMIZATION_LEVEL = 0;
				GCC_PREPROCESSOR_DEFINITIONS = (
					"DEBUG=1",
					"$(inherited)",
				);
				GCC_WARN_64_TO_32_BIT_CONVERSION = YES;
				GCC_WARN_ABOUT_RETURN_TYPE = YES_ERROR;
				GCC_WARN_UNDECLARED_SELECTOR = YES;
				GCC_WARN_UNINITIALIZED_AUTOS = YES_AGGRESSIVE;
				GCC_WARN_UNUSED_FUNCTION = YES;
				GCC_WARN_UNUSED_VARIABLE = YES;
				MACOSX_DEPLOYMENT_TARGET = 10.11;
				MTL_ENABLE_DEBUG_INFO = YES;
				ONLY_ACTIVE_ARCH = YES;
				SDKROOT = macosx;
			};
			name = Debug;
		};
		EA275FA4223454CB0093E62B /* Release */ = {
			isa = XCBuildConfiguration;
			buildSettings = {
				ALWAYS_SEARCH_USER_PATHS = NO;
				CLANG_ANALYZER_NONNULL = YES;
				CLANG_CXX_LANGUAGE_STANDARD = "gnu++0x";
				CLANG_CXX_LIBRARY = "libc++";
				CLANG_ENABLE_MODULES = YES;
				CLANG_ENABLE_OBJC_ARC = YES;
				CLANG_WARN_BOOL_CONVERSION = YES;
				CLANG_WARN_CONSTANT_CONVERSION = YES;
				CLANG_WARN_DIRECT_OBJC_ISA_USAGE = YES_ERROR;
				CLANG_WARN_EMPTY_BODY = YES;
				CLANG_WARN_ENUM_CONVERSION = YES;
				CLANG_WARN_INT_CONVERSION = YES;
				CLANG_WARN_OBJC_ROOT_CLASS = YES_ERROR;
				CLANG_WARN_UNREACHABLE_CODE = YES;
				CLANG_WARN__DUPLICATE_METHOD_MATCH = YES;
				CODE_SIGN_IDENTITY = "-";
				COPY_PHASE_STRIP = NO;
				DEBUG_INFORMATION_FORMAT = "dwarf-with-dsym";
				ENABLE_NS_ASSERTIONS = NO;
				ENABLE_STRICT_OBJC_MSGSEND = YES;
				GCC_C_LANGUAGE_STANDARD = gnu99;
				GCC_NO_COMMON_BLOCKS = YES;
				GCC_WARN_64_TO_32_BIT_CONVERSION = YES;
				GCC_WARN_ABOUT_RETURN_TYPE = YES_ERROR;
				GCC_WARN_UNDECLARED_SELECTOR = YES;
				GCC_WARN_UNINITIALIZED_AUTOS = YES_AGGRESSIVE;
				GCC_WARN_UNUSED_FUNCTION = YES;
				GCC_WARN_UNUSED_VARIABLE = YES;
				MACOSX_DEPLOYMENT_TARGET = 10.11;
				MTL_ENABLE_DEBUG_INFO = NO;
				SDKROOT = macosx;
			};
			name = Release;
		};
		EA275FA6223454CB0093E62B /* Debug */ = {
			isa = XCBuildConfiguration;
			buildSettings = {
				PRODUCT_NAME = "$(TARGET_NAME)";
			};
			name = Debug;
		};
		EA275FA7223454CB0093E62B /* Release */ = {
			isa = XCBuildConfiguration;
			buildSettings = {
				PRODUCT_NAME = "$(TARGET_NAME)";
			};
			name = Release;
		};
/* End XCBuildConfiguration section */

/* Begin XCConfigurationList section */
		EA275F99223454CB0093E62B /* Build configuration list for PBXProject "DMOPC '15 Contest 6 P5 - A Classic Problem" */ = {
			isa = XCConfigurationList;
			buildConfigurations = (
				EA275FA3223454CB0093E62B /* Debug */,
				EA275FA4223454CB0093E62B /* Release */,
			);
			defaultConfigurationIsVisible = 0;
			defaultConfigurationName = Release;
		};
		EA275FA5223454CB0093E62B /* Build configuration list for PBXNativeTarget "DMOPC '15 Contest 6 P5 - A Classic Problem" */ = {
			isa = XCConfigurationList;
			buildConfigurations = (
				EA275FA6223454CB0093E62B /* Debug */,
				EA275FA7223454CB0093E62B /* Release */,
			);
			defaultConfigurationIsVisible = 0;
		};
/* End XCConfigurationList section */
	};
	rootObject = EA275F96223454CB0093E62B /* Project object */;
}
