// !$*UTF8*$!
{
	archiveVersion = 1;
	classes = {
	};
	objectVersion = 46;
	objects = {

/* Begin PBXBuildFile section */
		EA940429217F5CB000CE57A7 /* main.cpp in Sources */ = {isa = PBXBuildFile; fileRef = EA940428217F5CB000CE57A7 /* main.cpp */; };
/* End PBXBuildFile section */

/* Begin PBXCopyFilesBuildPhase section */
		EA940423217F5CB000CE57A7 /* CopyFiles */ = {
			isa = PBXCopyFilesBuildPhase;
			buildActionMask = 2147483647;
			dstPath = /usr/share/man/man1/;
			dstSubfolderSpec = 0;
			files = (
			);
			runOnlyForDeploymentPostprocessing = 1;
		};
/* End PBXCopyFilesBuildPhase section */

/* Begin PBXFileReference section */
		EA940425217F5CB000CE57A7 /* ECOO '16 R2 P2 - CC+ */ = {isa = PBXFileReference; explicitFileType = "compiled.mach-o.executable"; includeInIndex = 0; path = "ECOO '16 R2 P2 - CC+"; sourceTree = BUILT_PRODUCTS_DIR; };
		EA940428217F5CB000CE57A7 /* main.cpp */ = {isa = PBXFileReference; lastKnownFileType = sourcecode.cpp.cpp; path = main.cpp; sourceTree = "<group>"; };
/* End PBXFileReference section */

/* Begin PBXFrameworksBuildPhase section */
		EA940422217F5CB000CE57A7 /* Frameworks */ = {
			isa = PBXFrameworksBuildPhase;
			buildActionMask = 2147483647;
			files = (
			);
			runOnlyForDeploymentPostprocessing = 0;
		};
/* End PBXFrameworksBuildPhase section */

/* Begin PBXGroup section */
		EA94041C217F5CB000CE57A7 = {
			isa = PBXGroup;
			children = (
				EA940427217F5CB000CE57A7 /* ECOO '16 R2 P2 - CC+ */,
				EA940426217F5CB000CE57A7 /* Products */,
			);
			sourceTree = "<group>";
		};
		EA940426217F5CB000CE57A7 /* Products */ = {
			isa = PBXGroup;
			children = (
				EA940425217F5CB000CE57A7 /* ECOO '16 R2 P2 - CC+ */,
			);
			name = Products;
			sourceTree = "<group>";
		};
		EA940427217F5CB000CE57A7 /* ECOO '16 R2 P2 - CC+ */ = {
			isa = PBXGroup;
			children = (
				EA940428217F5CB000CE57A7 /* main.cpp */,
			);
			path = "ECOO '16 R2 P2 - CC+";
			sourceTree = "<group>";
		};
/* End PBXGroup section */

/* Begin PBXNativeTarget section */
		EA940424217F5CB000CE57A7 /* ECOO '16 R2 P2 - CC+ */ = {
			isa = PBXNativeTarget;
			buildConfigurationList = EA94042C217F5CB000CE57A7 /* Build configuration list for PBXNativeTarget "ECOO '16 R2 P2 - CC+" */;
			buildPhases = (
				EA940421217F5CB000CE57A7 /* Sources */,
				EA940422217F5CB000CE57A7 /* Frameworks */,
				EA940423217F5CB000CE57A7 /* CopyFiles */,
			);
			buildRules = (
			);
			dependencies = (
			);
			name = "ECOO '16 R2 P2 - CC+";
			productName = "ECOO '16 R2 P2 - CC+";
			productReference = EA940425217F5CB000CE57A7 /* ECOO '16 R2 P2 - CC+ */;
			productType = "com.apple.product-type.tool";
		};
/* End PBXNativeTarget section */

/* Begin PBXProject section */
		EA94041D217F5CB000CE57A7 /* Project object */ = {
			isa = PBXProject;
			attributes = {
				LastUpgradeCheck = 0730;
				ORGANIZATIONNAME = aa;
				TargetAttributes = {
					EA940424217F5CB000CE57A7 = {
						CreatedOnToolsVersion = 7.3.1;
					};
				};
			};
			buildConfigurationList = EA940420217F5CB000CE57A7 /* Build configuration list for PBXProject "ECOO '16 R2 P2 - CC+" */;
			compatibilityVersion = "Xcode 3.2";
			developmentRegion = English;
			hasScannedForEncodings = 0;
			knownRegions = (
				en,
			);
			mainGroup = EA94041C217F5CB000CE57A7;
			productRefGroup = EA940426217F5CB000CE57A7 /* Products */;
			projectDirPath = "";
			projectRoot = "";
			targets = (
				EA940424217F5CB000CE57A7 /* ECOO '16 R2 P2 - CC+ */,
			);
		};
/* End PBXProject section */

/* Begin PBXSourcesBuildPhase section */
		EA940421217F5CB000CE57A7 /* Sources */ = {
			isa = PBXSourcesBuildPhase;
			buildActionMask = 2147483647;
			files = (
				EA940429217F5CB000CE57A7 /* main.cpp in Sources */,
			);
			runOnlyForDeploymentPostprocessing = 0;
		};
/* End PBXSourcesBuildPhase section */

/* Begin XCBuildConfiguration section */
		EA94042A217F5CB000CE57A7 /* Debug */ = {
			isa = XCBuildConfiguration;
			buildSettings = {
				ALWAYS_SEARCH_USER_PATHS = NO;
				CLANG_ANALYZER_NONNULL = YES;
				CLANG_CXX_LANGUAGE_STANDARD = "gnu++0x";
				CLANG_CXX_LIBRARY = "libc++";
				CLANG_ENABLE_MODULES = YES;
				CLANG_ENABLE_OBJC_ARC = YES;
				CLANG_WARN_BOOL_CONVERSION = YES;
				CLANG_WARN_CONSTANT_CONVERSION = YES;
				CLANG_WARN_DIRECT_OBJC_ISA_USAGE = YES_ERROR;
				CLANG_WARN_EMPTY_BODY = YES;
				CLANG_WARN_ENUM_CONVERSION = YES;
				CLANG_WARN_INT_CONVERSION = YES;
				CLANG_WARN_OBJC_ROOT_CLASS = YES_ERROR;
				CLANG_WARN_UNREACHABLE_CODE = YES;
				CLANG_WARN__DUPLICATE_METHOD_MATCH = YES;
				CODE_SIGN_IDENTITY = "-";
				COPY_PHASE_STRIP = NO;
				DEBUG_INFORMATION_FORMAT = dwarf;
				ENABLE_STRICT_OBJC_MSGSEND = YES;
				ENABLE_TESTABILITY = YES;
				GCC_C_LANGUAGE_STANDARD = gnu99;
				GCC_DYNAMIC_NO_PIC = NO;
				GCC_NO_COMMON_BLOCKS = YES;
				GCC_OPTIMIZATION_LEVEL = 0;
				GCC_PREPROCESSOR_DEFINITIONS = (
					"DEBUG=1",
					"$(inherited)",
				);
				GCC_WARN_64_TO_32_BIT_CONVERSION = YES;
				GCC_WARN_ABOUT_RETURN_TYPE = YES_ERROR;
				GCC_WARN_UNDECLARED_SELECTOR = YES;
				GCC_WARN_UNINITIALIZED_AUTOS = YES_AGGRESSIVE;
				GCC_WARN_UNUSED_FUNCTION = YES;
				GCC_WARN_UNUSED_VARIABLE = YES;
				MACOSX_DEPLOYMENT_TARGET = 10.11;
				MTL_ENABLE_DEBUG_INFO = YES;
				ONLY_ACTIVE_ARCH = YES;
				SDKROOT = macosx;
			};
			name = Debug;
		};
		EA94042B217F5CB000CE57A7 /* Release */ = {
			isa = XCBuildConfiguration;
			buildSettings = {
				ALWAYS_SEARCH_USER_PATHS = NO;
				CLANG_ANALYZER_NONNULL = YES;
				CLANG_CXX_LANGUAGE_STANDARD = "gnu++0x";
				CLANG_CXX_LIBRARY = "libc++";
				CLANG_ENABLE_MODULES = YES;
				CLANG_ENABLE_OBJC_ARC = YES;
				CLANG_WARN_BOOL_CONVERSION = YES;
				CLANG_WARN_CONSTANT_CONVERSION = YES;
				CLANG_WARN_DIRECT_OBJC_ISA_USAGE = YES_ERROR;
				CLANG_WARN_EMPTY_BODY = YES;
				CLANG_WARN_ENUM_CONVERSION = YES;
				CLANG_WARN_INT_CONVERSION = YES;
				CLANG_WARN_OBJC_ROOT_CLASS = YES_ERROR;
				CLANG_WARN_UNREACHABLE_CODE = YES;
				CLANG_WARN__DUPLICATE_METHOD_MATCH = YES;
				CODE_SIGN_IDENTITY = "-";
				COPY_PHASE_STRIP = NO;
				DEBUG_INFORMATION_FORMAT = "dwarf-with-dsym";
				ENABLE_NS_ASSERTIONS = NO;
				ENABLE_STRICT_OBJC_MSGSEND = YES;
				GCC_C_LANGUAGE_STANDARD = gnu99;
				GCC_NO_COMMON_BLOCKS = YES;
				GCC_WARN_64_TO_32_BIT_CONVERSION = YES;
				GCC_WARN_ABOUT_RETURN_TYPE = YES_ERROR;
				GCC_WARN_UNDECLARED_SELECTOR = YES;
				GCC_WARN_UNINITIALIZED_AUTOS = YES_AGGRESSIVE;
				GCC_WARN_UNUSED_FUNCTION = YES;
				GCC_WARN_UNUSED_VARIABLE = YES;
				MACOSX_DEPLOYMENT_TARGET = 10.11;
				MTL_ENABLE_DEBUG_INFO = NO;
				SDKROOT = macosx;
			};
			name = Release;
		};
		EA94042D217F5CB000CE57A7 /* Debug */ = {
			isa = XCBuildConfiguration;
			buildSettings = {
				PRODUCT_NAME = "$(TARGET_NAME)";
			};
			name = Debug;
		};
		EA94042E217F5CB000CE57A7 /* Release */ = {
			isa = XCBuildConfiguration;
			buildSettings = {
				PRODUCT_NAME = "$(TARGET_NAME)";
			};
			name = Release;
		};
/* End XCBuildConfiguration section */

/* Begin XCConfigurationList section */
		EA940420217F5CB000CE57A7 /* Build configuration list for PBXProject "ECOO '16 R2 P2 - CC+" */ = {
			isa = XCConfigurationList;
			buildConfigurations = (
				EA94042A217F5CB000CE57A7 /* Debug */,
				EA94042B217F5CB000CE57A7 /* Release */,
			);
			defaultConfigurationIsVisible = 0;
			defaultConfigurationName = Release;
		};
		EA94042C217F5CB000CE57A7 /* Build configuration list for PBXNativeTarget "ECOO '16 R2 P2 - CC+" */ = {
			isa = XCConfigurationList;
			buildConfigurations = (
				EA94042D217F5CB000CE57A7 /* Debug */,
				EA94042E217F5CB000CE57A7 /* Release */,
			);
			defaultConfigurationIsVisible = 0;
		};
/* End XCConfigurationList section */
	};
	rootObject = EA94041D217F5CB000CE57A7 /* Project object */;
}
