// !$*UTF8*$!
{
	archiveVersion = 1;
	classes = {
	};
	objectVersion = 46;
	objects = {

/* Begin PBXBuildFile section */
		EA731D2721AA1FF5000F47D2 /* main.cpp in Sources */ = {isa = PBXBuildFile; fileRef = EA731D2621AA1FF5000F47D2 /* main.cpp */; };
/* End PBXBuildFile section */

/* Begin PBXCopyFilesBuildPhase section */
		EA731D2121AA1FF5000F47D2 /* CopyFiles */ = {
			isa = PBXCopyFilesBuildPhase;
			buildActionMask = 2147483647;
			dstPath = /usr/share/man/man1/;
			dstSubfolderSpec = 0;
			files = (
			);
			runOnlyForDeploymentPostprocessing = 1;
		};
/* End PBXCopyFilesBuildPhase section */

/* Begin PBXFileReference section */
		EA731D2321AA1FF5000F47D2 /* DMOPC '16 Contest 2 P2 - Ebola Outbreak */ = {isa = PBXFileReference; explicitFileType = "compiled.mach-o.executable"; includeInIndex = 0; path = "DMOPC '16 Contest 2 P2 - Ebola Outbreak"; sourceTree = BUILT_PRODUCTS_DIR; };
		EA731D2621AA1FF5000F47D2 /* main.cpp */ = {isa = PBXFileReference; lastKnownFileType = sourcecode.cpp.cpp; path = main.cpp; sourceTree = "<group>"; };
/* End PBXFileReference section */

/* Begin PBXFrameworksBuildPhase section */
		EA731D2021AA1FF5000F47D2 /* Frameworks */ = {
			isa = PBXFrameworksBuildPhase;
			buildActionMask = 2147483647;
			files = (
			);
			runOnlyForDeploymentPostprocessing = 0;
		};
/* End PBXFrameworksBuildPhase section */

/* Begin PBXGroup section */
		EA731D1A21AA1FF5000F47D2 = {
			isa = PBXGroup;
			children = (
				EA731D2521AA1FF5000F47D2 /* DMOPC '16 Contest 2 P2 - Ebola Outbreak */,
				EA731D2421AA1FF5000F47D2 /* Products */,
			);
			sourceTree = "<group>";
		};
		EA731D2421AA1FF5000F47D2 /* Products */ = {
			isa = PBXGroup;
			children = (
				EA731D2321AA1FF5000F47D2 /* DMOPC '16 Contest 2 P2 - Ebola Outbreak */,
			);
			name = Products;
			sourceTree = "<group>";
		};
		EA731D2521AA1FF5000F47D2 /* DMOPC '16 Contest 2 P2 - Ebola Outbreak */ = {
			isa = PBXGroup;
			children = (
				EA731D2621AA1FF5000F47D2 /* main.cpp */,
			);
			path = "DMOPC '16 Contest 2 P2 - Ebola Outbreak";
			sourceTree = "<group>";
		};
/* End PBXGroup section */

/* Begin PBXNativeTarget section */
		EA731D2221AA1FF5000F47D2 /* DMOPC '16 Contest 2 P2 - Ebola Outbreak */ = {
			isa = PBXNativeTarget;
			buildConfigurationList = EA731D2A21AA1FF5000F47D2 /* Build configuration list for PBXNativeTarget "DMOPC '16 Contest 2 P2 - Ebola Outbreak" */;
			buildPhases = (
				EA731D1F21AA1FF5000F47D2 /* Sources */,
				EA731D2021AA1FF5000F47D2 /* Frameworks */,
				EA731D2121AA1FF5000F47D2 /* CopyFiles */,
			);
			buildRules = (
			);
			dependencies = (
			);
			name = "DMOPC '16 Contest 2 P2 - Ebola Outbreak";
			productName = "DMOPC '16 Contest 2 P2 - Ebola Outbreak";
			productReference = EA731D2321AA1FF5000F47D2 /* DMOPC '16 Contest 2 P2 - Ebola Outbreak */;
			productType = "com.apple.product-type.tool";
		};
/* End PBXNativeTarget section */

/* Begin PBXProject section */
		EA731D1B21AA1FF5000F47D2 /* Project object */ = {
			isa = PBXProject;
			attributes = {
				LastUpgradeCheck = 0730;
				ORGANIZATIONNAME = aa;
				TargetAttributes = {
					EA731D2221AA1FF5000F47D2 = {
						CreatedOnToolsVersion = 7.3.1;
					};
				};
			};
			buildConfigurationList = EA731D1E21AA1FF5000F47D2 /* Build configuration list for PBXProject "DMOPC '16 Contest 2 P2 - Ebola Outbreak" */;
			compatibilityVersion = "Xcode 3.2";
			developmentRegion = English;
			hasScannedForEncodings = 0;
			knownRegions = (
				en,
			);
			mainGroup = EA731D1A21AA1FF5000F47D2;
			productRefGroup = EA731D2421AA1FF5000F47D2 /* Products */;
			projectDirPath = "";
			projectRoot = "";
			targets = (
				EA731D2221AA1FF5000F47D2 /* DMOPC '16 Contest 2 P2 - Ebola Outbreak */,
			);
		};
/* End PBXProject section */

/* Begin PBXSourcesBuildPhase section */
		EA731D1F21AA1FF5000F47D2 /* Sources */ = {
			isa = PBXSourcesBuildPhase;
			buildActionMask = 2147483647;
			files = (
				EA731D2721AA1FF5000F47D2 /* main.cpp in Sources */,
			);
			runOnlyForDeploymentPostprocessing = 0;
		};
/* End PBXSourcesBuildPhase section */

/* Begin XCBuildConfiguration section */
		EA731D2821AA1FF5000F47D2 /* Debug */ = {
			isa = XCBuildConfiguration;
			buildSettings = {
				ALWAYS_SEARCH_USER_PATHS = NO;
				CLANG_ANALYZER_NONNULL = YES;
				CLANG_CXX_LANGUAGE_STANDARD = "gnu++0x";
				CLANG_CXX_LIBRARY = "libc++";
				CLANG_ENABLE_MODULES = YES;
				CLANG_ENABLE_OBJC_ARC = YES;
				CLANG_WARN_BOOL_CONVERSION = YES;
				CLANG_WARN_CONSTANT_CONVERSION = YES;
				CLANG_WARN_DIRECT_OBJC_ISA_USAGE = YES_ERROR;
				CLANG_WARN_EMPTY_BODY = YES;
				CLANG_WARN_ENUM_CONVERSION = YES;
				CLANG_WARN_INT_CONVERSION = YES;
				CLANG_WARN_OBJC_ROOT_CLASS = YES_ERROR;
				CLANG_WARN_UNREACHABLE_CODE = YES;
				CLANG_WARN__DUPLICATE_METHOD_MATCH = YES;
				CODE_SIGN_IDENTITY = "-";
				COPY_PHASE_STRIP = NO;
				DEBUG_INFORMATION_FORMAT = dwarf;
				ENABLE_STRICT_OBJC_MSGSEND = YES;
				ENABLE_TESTABILITY = YES;
				GCC_C_LANGUAGE_STANDARD = gnu99;
				GCC_DYNAMIC_NO_PIC = NO;
				GCC_NO_COMMON_BLOCKS = YES;
				GCC_OPTIMIZATION_LEVEL = 0;
				GCC_PREPROCESSOR_DEFINITIONS = (
					"DEBUG=1",
					"$(inherited)",
				);
				GCC_WARN_64_TO_32_BIT_CONVERSION = YES;
				GCC_WARN_ABOUT_RETURN_TYPE = YES_ERROR;
				GCC_WARN_UNDECLARED_SELECTOR = YES;
				GCC_WARN_UNINITIALIZED_AUTOS = YES_AGGRESSIVE;
				GCC_WARN_UNUSED_FUNCTION = YES;
				GCC_WARN_UNUSED_VARIABLE = YES;
				MACOSX_DEPLOYMENT_TARGET = 10.11;
				MTL_ENABLE_DEBUG_INFO = YES;
				ONLY_ACTIVE_ARCH = YES;
				SDKROOT = macosx;
			};
			name = Debug;
		};
		EA731D2921AA1FF5000F47D2 /* Release */ = {
			isa = XCBuildConfiguration;
			buildSettings = {
				ALWAYS_SEARCH_USER_PATHS = NO;
				CLANG_ANALYZER_NONNULL = YES;
				CLANG_CXX_LANGUAGE_STANDARD = "gnu++0x";
				CLANG_CXX_LIBRARY = "libc++";
				CLANG_ENABLE_MODULES = YES;
				CLANG_ENABLE_OBJC_ARC = YES;
				CLANG_WARN_BOOL_CONVERSION = YES;
				CLANG_WARN_CONSTANT_CONVERSION = YES;
				CLANG_WARN_DIRECT_OBJC_ISA_USAGE = YES_ERROR;
				CLANG_WARN_EMPTY_BODY = YES;
				CLANG_WARN_ENUM_CONVERSION = YES;
				CLANG_WARN_INT_CONVERSION = YES;
				CLANG_WARN_OBJC_ROOT_CLASS = YES_ERROR;
				CLANG_WARN_UNREACHABLE_CODE = YES;
				CLANG_WARN__DUPLICATE_METHOD_MATCH = YES;
				CODE_SIGN_IDENTITY = "-";
				COPY_PHASE_STRIP = NO;
				DEBUG_INFORMATION_FORMAT = "dwarf-with-dsym";
				ENABLE_NS_ASSERTIONS = NO;
				ENABLE_STRICT_OBJC_MSGSEND = YES;
				GCC_C_LANGUAGE_STANDARD = gnu99;
				GCC_NO_COMMON_BLOCKS = YES;
				GCC_WARN_64_TO_32_BIT_CONVERSION = YES;
				GCC_WARN_ABOUT_RETURN_TYPE = YES_ERROR;
				GCC_WARN_UNDECLARED_SELECTOR = YES;
				GCC_WARN_UNINITIALIZED_AUTOS = YES_AGGRESSIVE;
				GCC_WARN_UNUSED_FUNCTION = YES;
				GCC_WARN_UNUSED_VARIABLE = YES;
				MACOSX_DEPLOYMENT_TARGET = 10.11;
				MTL_ENABLE_DEBUG_INFO = NO;
				SDKROOT = macosx;
			};
			name = Release;
		};
		EA731D2B21AA1FF5000F47D2 /* Debug */ = {
			isa = XCBuildConfiguration;
			buildSettings = {
				PRODUCT_NAME = "$(TARGET_NAME)";
			};
			name = Debug;
		};
		EA731D2C21AA1FF5000F47D2 /* Release */ = {
			isa = XCBuildConfiguration;
			buildSettings = {
				PRODUCT_NAME = "$(TARGET_NAME)";
			};
			name = Release;
		};
/* End XCBuildConfiguration section */

/* Begin XCConfigurationList section */
		EA731D1E21AA1FF5000F47D2 /* Build configuration list for PBXProject "DMOPC '16 Contest 2 P2 - Ebola Outbreak" */ = {
			isa = XCConfigurationList;
			buildConfigurations = (
				EA731D2821AA1FF5000F47D2 /* Debug */,
				EA731D2921AA1FF5000F47D2 /* Release */,
			);
			defaultConfigurationIsVisible = 0;
			defaultConfigurationName = Release;
		};
		EA731D2A21AA1FF5000F47D2 /* Build configuration list for PBXNativeTarget "DMOPC '16 Contest 2 P2 - Ebola Outbreak" */ = {
			isa = XCConfigurationList;
			buildConfigurations = (
				EA731D2B21AA1FF5000F47D2 /* Debug */,
				EA731D2C21AA1FF5000F47D2 /* Release */,
			);
			defaultConfigurationIsVisible = 0;
		};
/* End XCConfigurationList section */
	};
	rootObject = EA731D1B21AA1FF5000F47D2 /* Project object */;
}
