// !$*UTF8*$!
{
	archiveVersion = 1;
	classes = {
	};
	objectVersion = 46;
	objects = {

/* Begin PBXBuildFile section */
		EA0FB78521BC78A600DC0074 /* main.cpp in Sources */ = {isa = PBXBuildFile; fileRef = EA0FB78421BC78A600DC0074 /* main.cpp */; };
/* End PBXBuildFile section */

/* Begin PBXCopyFilesBuildPhase section */
		EA0FB77F21BC78A600DC0074 /* CopyFiles */ = {
			isa = PBXCopyFilesBuildPhase;
			buildActionMask = 2147483647;
			dstPath = /usr/share/man/man1/;
			dstSubfolderSpec = 0;
			files = (
			);
			runOnlyForDeploymentPostprocessing = 1;
		};
/* End PBXCopyFilesBuildPhase section */

/* Begin PBXFileReference section */
		EA0FB78121BC78A600DC0074 /* TLE '17 Contest 4 P3 - Fax's Christmas Dish */ = {isa = PBXFileReference; explicitFileType = "compiled.mach-o.executable"; includeInIndex = 0; path = "TLE '17 Contest 4 P3 - Fax's Christmas Dish"; sourceTree = BUILT_PRODUCTS_DIR; };
		EA0FB78421BC78A600DC0074 /* main.cpp */ = {isa = PBXFileReference; lastKnownFileType = sourcecode.cpp.cpp; path = main.cpp; sourceTree = "<group>"; };
/* End PBXFileReference section */

/* Begin PBXFrameworksBuildPhase section */
		EA0FB77E21BC78A600DC0074 /* Frameworks */ = {
			isa = PBXFrameworksBuildPhase;
			buildActionMask = 2147483647;
			files = (
			);
			runOnlyForDeploymentPostprocessing = 0;
		};
/* End PBXFrameworksBuildPhase section */

/* Begin PBXGroup section */
		EA0FB77821BC78A600DC0074 = {
			isa = PBXGroup;
			children = (
				EA0FB78321BC78A600DC0074 /* TLE '17 Contest 4 P3 - Fax's Christmas Dish */,
				EA0FB78221BC78A600DC0074 /* Products */,
			);
			sourceTree = "<group>";
		};
		EA0FB78221BC78A600DC0074 /* Products */ = {
			isa = PBXGroup;
			children = (
				EA0FB78121BC78A600DC0074 /* TLE '17 Contest 4 P3 - Fax's Christmas Dish */,
			);
			name = Products;
			sourceTree = "<group>";
		};
		EA0FB78321BC78A600DC0074 /* TLE '17 Contest 4 P3 - Fax's Christmas Dish */ = {
			isa = PBXGroup;
			children = (
				EA0FB78421BC78A600DC0074 /* main.cpp */,
			);
			path = "TLE '17 Contest 4 P3 - Fax's Christmas Dish";
			sourceTree = "<group>";
		};
/* End PBXGroup section */

/* Begin PBXNativeTarget section */
		EA0FB78021BC78A600DC0074 /* TLE '17 Contest 4 P3 - Fax's Christmas Dish */ = {
			isa = PBXNativeTarget;
			buildConfigurationList = EA0FB78821BC78A600DC0074 /* Build configuration list for PBXNativeTarget "TLE '17 Contest 4 P3 - Fax's Christmas Dish" */;
			buildPhases = (
				EA0FB77D21BC78A600DC0074 /* Sources */,
				EA0FB77E21BC78A600DC0074 /* Frameworks */,
				EA0FB77F21BC78A600DC0074 /* CopyFiles */,
			);
			buildRules = (
			);
			dependencies = (
			);
			name = "TLE '17 Contest 4 P3 - Fax's Christmas Dish";
			productName = "TLE '17 Contest 4 P3 - Fax's Christmas Dish";
			productReference = EA0FB78121BC78A600DC0074 /* TLE '17 Contest 4 P3 - Fax's Christmas Dish */;
			productType = "com.apple.product-type.tool";
		};
/* End PBXNativeTarget section */

/* Begin PBXProject section */
		EA0FB77921BC78A600DC0074 /* Project object */ = {
			isa = PBXProject;
			attributes = {
				LastUpgradeCheck = 0730;
				ORGANIZATIONNAME = aa;
				TargetAttributes = {
					EA0FB78021BC78A600DC0074 = {
						CreatedOnToolsVersion = 7.3.1;
					};
				};
			};
			buildConfigurationList = EA0FB77C21BC78A600DC0074 /* Build configuration list for PBXProject "TLE '17 Contest 4 P3 - Fax's Christmas Dish" */;
			compatibilityVersion = "Xcode 3.2";
			developmentRegion = English;
			hasScannedForEncodings = 0;
			knownRegions = (
				en,
			);
			mainGroup = EA0FB77821BC78A600DC0074;
			productRefGroup = EA0FB78221BC78A600DC0074 /* Products */;
			projectDirPath = "";
			projectRoot = "";
			targets = (
				EA0FB78021BC78A600DC0074 /* TLE '17 Contest 4 P3 - Fax's Christmas Dish */,
			);
		};
/* End PBXProject section */

/* Begin PBXSourcesBuildPhase section */
		EA0FB77D21BC78A600DC0074 /* Sources */ = {
			isa = PBXSourcesBuildPhase;
			buildActionMask = 2147483647;
			files = (
				EA0FB78521BC78A600DC0074 /* main.cpp in Sources */,
			);
			runOnlyForDeploymentPostprocessing = 0;
		};
/* End PBXSourcesBuildPhase section */

/* Begin XCBuildConfiguration section */
		EA0FB78621BC78A600DC0074 /* Debug */ = {
			isa = XCBuildConfiguration;
			buildSettings = {
				ALWAYS_SEARCH_USER_PATHS = NO;
				CLANG_ANALYZER_NONNULL = YES;
				CLANG_CXX_LANGUAGE_STANDARD = "gnu++0x";
				CLANG_CXX_LIBRARY = "libc++";
				CLANG_ENABLE_MODULES = YES;
				CLANG_ENABLE_OBJC_ARC = YES;
				CLANG_WARN_BOOL_CONVERSION = YES;
				CLANG_WARN_CONSTANT_CONVERSION = YES;
				CLANG_WARN_DIRECT_OBJC_ISA_USAGE = YES_ERROR;
				CLANG_WARN_EMPTY_BODY = YES;
				CLANG_WARN_ENUM_CONVERSION = YES;
				CLANG_WARN_INT_CONVERSION = YES;
				CLANG_WARN_OBJC_ROOT_CLASS = YES_ERROR;
				CLANG_WARN_UNREACHABLE_CODE = YES;
				CLANG_WARN__DUPLICATE_METHOD_MATCH = YES;
				CODE_SIGN_IDENTITY = "-";
				COPY_PHASE_STRIP = NO;
				DEBUG_INFORMATION_FORMAT = dwarf;
				ENABLE_STRICT_OBJC_MSGSEND = YES;
				ENABLE_TESTABILITY = YES;
				GCC_C_LANGUAGE_STANDARD = gnu99;
				GCC_DYNAMIC_NO_PIC = NO;
				GCC_NO_COMMON_BLOCKS = YES;
				GCC_OPTIMIZATION_LEVEL = 0;
				GCC_PREPROCESSOR_DEFINITIONS = (
					"DEBUG=1",
					"$(inherited)",
				);
				GCC_WARN_64_TO_32_BIT_CONVERSION = YES;
				GCC_WARN_ABOUT_RETURN_TYPE = YES_ERROR;
				GCC_WARN_UNDECLARED_SELECTOR = YES;
				GCC_WARN_UNINITIALIZED_AUTOS = YES_AGGRESSIVE;
				GCC_WARN_UNUSED_FUNCTION = YES;
				GCC_WARN_UNUSED_VARIABLE = YES;
				MACOSX_DEPLOYMENT_TARGET = 10.11;
				MTL_ENABLE_DEBUG_INFO = YES;
				ONLY_ACTIVE_ARCH = YES;
				SDKROOT = macosx;
			};
			name = Debug;
		};
		EA0FB78721BC78A600DC0074 /* Release */ = {
			isa = XCBuildConfiguration;
			buildSettings = {
				ALWAYS_SEARCH_USER_PATHS = NO;
				CLANG_ANALYZER_NONNULL = YES;
				CLANG_CXX_LANGUAGE_STANDARD = "gnu++0x";
				CLANG_CXX_LIBRARY = "libc++";
				CLANG_ENABLE_MODULES = YES;
				CLANG_ENABLE_OBJC_ARC = YES;
				CLANG_WARN_BOOL_CONVERSION = YES;
				CLANG_WARN_CONSTANT_CONVERSION = YES;
				CLANG_WARN_DIRECT_OBJC_ISA_USAGE = YES_ERROR;
				CLANG_WARN_EMPTY_BODY = YES;
				CLANG_WARN_ENUM_CONVERSION = YES;
				CLANG_WARN_INT_CONVERSION = YES;
				CLANG_WARN_OBJC_ROOT_CLASS = YES_ERROR;
				CLANG_WARN_UNREACHABLE_CODE = YES;
				CLANG_WARN__DUPLICATE_METHOD_MATCH = YES;
				CODE_SIGN_IDENTITY = "-";
				COPY_PHASE_STRIP = NO;
				DEBUG_INFORMATION_FORMAT = "dwarf-with-dsym";
				ENABLE_NS_ASSERTIONS = NO;
				ENABLE_STRICT_OBJC_MSGSEND = YES;
				GCC_C_LANGUAGE_STANDARD = gnu99;
				GCC_NO_COMMON_BLOCKS = YES;
				GCC_WARN_64_TO_32_BIT_CONVERSION = YES;
				GCC_WARN_ABOUT_RETURN_TYPE = YES_ERROR;
				GCC_WARN_UNDECLARED_SELECTOR = YES;
				GCC_WARN_UNINITIALIZED_AUTOS = YES_AGGRESSIVE;
				GCC_WARN_UNUSED_FUNCTION = YES;
				GCC_WARN_UNUSED_VARIABLE = YES;
				MACOSX_DEPLOYMENT_TARGET = 10.11;
				MTL_ENABLE_DEBUG_INFO = NO;
				SDKROOT = macosx;
			};
			name = Release;
		};
		EA0FB78921BC78A600DC0074 /* Debug */ = {
			isa = XCBuildConfiguration;
			buildSettings = {
				PRODUCT_NAME = "$(TARGET_NAME)";
			};
			name = Debug;
		};
		EA0FB78A21BC78A600DC0074 /* Release */ = {
			isa = XCBuildConfiguration;
			buildSettings = {
				PRODUCT_NAME = "$(TARGET_NAME)";
			};
			name = Release;
		};
/* End XCBuildConfiguration section */

/* Begin XCConfigurationList section */
		EA0FB77C21BC78A600DC0074 /* Build configuration list for PBXProject "TLE '17 Contest 4 P3 - Fax's Christmas Dish" */ = {
			isa = XCConfigurationList;
			buildConfigurations = (
				EA0FB78621BC78A600DC0074 /* Debug */,
				EA0FB78721BC78A600DC0074 /* Release */,
			);
			defaultConfigurationIsVisible = 0;
			defaultConfigurationName = Release;
		};
		EA0FB78821BC78A600DC0074 /* Build configuration list for PBXNativeTarget "TLE '17 Contest 4 P3 - Fax's Christmas Dish" */ = {
			isa = XCConfigurationList;
			buildConfigurations = (
				EA0FB78921BC78A600DC0074 /* Debug */,
				EA0FB78A21BC78A600DC0074 /* Release */,
			);
			defaultConfigurationIsVisible = 0;
		};
/* End XCConfigurationList section */
	};
	rootObject = EA0FB77921BC78A600DC0074 /* Project object */;
}
